version = 1
revision = 2
requires-python = ">=3.13"

[[package]]
name = "lakeview"
version = "0.1.0"
source = { editable = "." }
dependencies = [
    { name = "plotly" },
]

[package.metadata]
requires-dist = [{ name = "plotly", specifier = ">=6.5.0" }]

[[package]]
name = "narwhals"
version = "2.13.0"
source = { registry = "https://pypi.org/simple" }
sdist = { url = "https://files.pythonhosted.org/packages/89/ea/f82ef99ced4d03c33bb314c9b84a08a0a86c448aaa11ffd6256b99538aa5/narwhals-2.13.0.tar.gz", hash = "sha256:ee94c97f4cf7cfeebbeca8d274784df8b3d7fd3f955ce418af998d405576fdd9", size = 594555, upload-time = "2025-12-01T13:54:05.329Z" }
wheels = [
    { url = "https://files.pythonhosted.org/packages/87/0d/1861d1599571974b15b025e12b142d8e6b42ad66c8a07a89cb0fc21f1e03/narwhals-2.13.0-py3-none-any.whl", hash = "sha256:9b795523c179ca78204e3be53726da374168f906e38de2ff174c2363baaaf481", size = 426407, upload-time = "2025-12-01T13:54:03.861Z" },
]

[[package]]
name = "packaging"
version = "25.0"
source = { registry = "https://pypi.org/simple" }
sdist = { url = "https://files.pythonhosted.org/packages/a1/d4/1fc4078c65507b51b96ca8f8c3ba19e6a61c8253c72794544580a7b6c24d/packaging-25.0.tar.gz", hash = "sha256:d443872c98d677bf60f6a1f2f8c1cb748e8fe762d2bf9d3148b5599295b0fc4f", size = 165727, upload-time = "2025-04-19T11:48:59.673Z" }
wheels = [
    { url = "https://files.pythonhosted.org/packages/20/12/38679034af332785aac8774540895e234f4d07f7545804097de4b666afd8/packaging-25.0-py3-none-any.whl", hash = "sha256:29572ef2b1f17581046b3a2227d5c611fb25ec70ca1ba8554b24b0e69331a484", size = 66469, upload-time = "2025-04-19T11:48:57.875Z" },
]

[[package]]
name = "plotly"
version = "6.5.0"
source = { registry = "https://pypi.org/simple" }
dependencies = [
    { name = "narwhals" },
    { name = "packaging" },
]
sdist = { url = "https://files.pythonhosted.org/packages/94/05/1199e2a03ce6637960bc1e951ca0f928209a48cfceb57355806a88f214cf/plotly-6.5.0.tar.gz", hash = "sha256:d5d38224883fd38c1409bef7d6a8dc32b74348d39313f3c52ca998b8e447f5c8", size = 7013624, upload-time = "2025-11-17T18:39:24.523Z" }
wheels = [
    { url = "https://files.pythonhosted.org/packages/e7/c3/3031c931098de393393e1f93a38dc9ed6805d86bb801acc3cf2d5bd1e6b7/plotly-6.5.0-py3-none-any.whl", hash = "sha256:5ac851e100367735250206788a2b1325412aa4a4917a4fe3e6f0bc5aa6f3d90a", size = 9893174, upload-time = "2025-11-17T18:39:20.351Z" },
]
